
Microsoft Visual Studio Solution File, Format Version 12.00
# Visual Studio 15
VisualStudioVersion = 15.0.27703.2035
MinimumVisualStudioVersion = 10.0.40219.1
Project("{8BC9CEB8-8B4A-11D0-8D11-00A0C91BC942}") = "test", "test.vcxproj", "{CFDF6A68-887A-49CF-B4FC-45CFF137D1D3}"
EndProject
Project("{8BC9CEB8-8B4A-11D0-8D11-00A0C91BC942}") = "reqrep", "reqrep.vcxproj", "{E9B9BA50-EC9B-45E6-B768-BC39F4D8EE9F}"
EndProject
Project("{2150E333-8FDC-42A3-9474-1A3956D46DE8}") = "demos", "demos", "{6FA644FD-07C3-4216-994D-5B4A9379C717}"
EndProject
Project("{8BC9CEB8-8B4A-11D0-8D11-00A0C91BC942}") = "http_client", "http_client.vcxproj", "{1754E498-4EE9-47AB-AFB1-A123B4D3FDC7}"
EndProject
Project("{8BC9CEB8-8B4A-11D0-8D11-00A0C91BC942}") = "raw", "raw.vcxproj", "{FCD145FD-571C-4081-9A26-49B2C28F4EDF}"
EndProject
Project("{8BC9CEB8-8B4A-11D0-8D11-00A0C91BC942}") = "rest", "rest.vcxproj", "{DFCA822D-C0FB-4573-A7B6-B5B1BBDC8D8A}"
EndProject
Project("{8BC9CEB8-8B4A-11D0-8D11-00A0C91BC942}") = "async_client", "async_client.vcxproj", "{73913023-17C5-4767-8BBE-620F8623E6B5}"
EndProject
Project("{8BC9CEB8-8B4A-11D0-8D11-00A0C91BC942}") = "async_server", "async_server.vcxproj", "{A4C5CAB1-2E53-4FA7-B99F-014218B1414B}"
EndProject
Project("{2150E333-8FDC-42A3-9474-1A3956D46DE8}") = "async", "async", "{98290630-78EE-4CA3-8D09-A9F8CE75D6F1}"
EndProject
Project("{2150E333-8FDC-42A3-9474-1A3956D46DE8}") = "perf", "perf", "{06BD33FA-387E-4648-AB8C-0A6995E93E0D}"
EndProject
Project("{8BC9CEB8-8B4A-11D0-8D11-00A0C91BC942}") = "inproc_lat", "inproc_lat.vcxproj", "{824C049D-7290-492F-A685-F7DA2699FFAF}"
EndProject
Project("{8BC9CEB8-8B4A-11D0-8D11-00A0C91BC942}") = "inproc_thr", "inproc_thr.vcxproj", "{4561E662-B9E4-40FE-B8F2-49C4A06087F0}"
EndProject
Project("{8BC9CEB8-8B4A-11D0-8D11-00A0C91BC942}") = "local_lat", "local_lat.vcxproj", "{8C90614B-4EE2-475F-8235-54D4E3F412C5}"
EndProject
Project("{8BC9CEB8-8B4A-11D0-8D11-00A0C91BC942}") = "local_thr", "local_thr.vcxproj", "{CF9454FC-BCE8-42FD-ACC2-E69FBB2B8EE9}"
EndProject
Project("{8BC9CEB8-8B4A-11D0-8D11-00A0C91BC942}") = "remote_lat", "remote_lat.vcxproj", "{FD152E3D-53B3-4B2D-A6D1-828AA148277F}"
EndProject
Project("{8BC9CEB8-8B4A-11D0-8D11-00A0C91BC942}") = "remote_thr", "remote_thr.vcxproj", "{1A6E27E2-34BF-41DC-947F-74C66AB160B7}"
EndProject
Global
	GlobalSection(SolutionConfigurationPlatforms) = preSolution
		Debug|x64 = Debug|x64
		Debug|x86 = Debug|x86
		Release|x64 = Release|x64
		Release|x86 = Release|x86
	EndGlobalSection
	GlobalSection(ProjectConfigurationPlatforms) = postSolution
		{CFDF6A68-887A-49CF-B4FC-45CFF137D1D3}.Debug|x64.ActiveCfg = Debug|x64
		{CFDF6A68-887A-49CF-B4FC-45CFF137D1D3}.Debug|x64.Build.0 = Debug|x64
		{CFDF6A68-887A-49CF-B4FC-45CFF137D1D3}.Debug|x86.ActiveCfg = Debug|Win32
		{CFDF6A68-887A-49CF-B4FC-45CFF137D1D3}.Debug|x86.Build.0 = Debug|Win32
		{CFDF6A68-887A-49CF-B4FC-45CFF137D1D3}.Release|x64.ActiveCfg = Release|x64
		{CFDF6A68-887A-49CF-B4FC-45CFF137D1D3}.Release|x64.Build.0 = Release|x64
		{CFDF6A68-887A-49CF-B4FC-45CFF137D1D3}.Release|x86.ActiveCfg = Release|Win32
		{CFDF6A68-887A-49CF-B4FC-45CFF137D1D3}.Release|x86.Build.0 = Release|Win32
		{E9B9BA50-EC9B-45E6-B768-BC39F4D8EE9F}.Debug|x64.ActiveCfg = Debug|x64
		{E9B9BA50-EC9B-45E6-B768-BC39F4D8EE9F}.Debug|x64.Build.0 = Debug|x64
		{E9B9BA50-EC9B-45E6-B768-BC39F4D8EE9F}.Debug|x86.ActiveCfg = Debug|Win32
		{E9B9BA50-EC9B-45E6-B768-BC39F4D8EE9F}.Debug|x86.Build.0 = Debug|Win32
		{E9B9BA50-EC9B-45E6-B768-BC39F4D8EE9F}.Release|x64.ActiveCfg = Release|x64
		{E9B9BA50-EC9B-45E6-B768-BC39F4D8EE9F}.Release|x64.Build.0 = Release|x64
		{E9B9BA50-EC9B-45E6-B768-BC39F4D8EE9F}.Release|x86.ActiveCfg = Release|Win32
		{E9B9BA50-EC9B-45E6-B768-BC39F4D8EE9F}.Release|x86.Build.0 = Release|Win32
		{1754E498-4EE9-47AB-AFB1-A123B4D3FDC7}.Debug|x64.ActiveCfg = Debug|x64
		{1754E498-4EE9-47AB-AFB1-A123B4D3FDC7}.Debug|x64.Build.0 = Debug|x64
		{1754E498-4EE9-47AB-AFB1-A123B4D3FDC7}.Debug|x86.ActiveCfg = Debug|Win32
		{1754E498-4EE9-47AB-AFB1-A123B4D3FDC7}.Debug|x86.Build.0 = Debug|Win32
		{1754E498-4EE9-47AB-AFB1-A123B4D3FDC7}.Release|x64.ActiveCfg = Release|x64
		{1754E498-4EE9-47AB-AFB1-A123B4D3FDC7}.Release|x64.Build.0 = Release|x64
		{1754E498-4EE9-47AB-AFB1-A123B4D3FDC7}.Release|x86.ActiveCfg = Release|Win32
		{1754E498-4EE9-47AB-AFB1-A123B4D3FDC7}.Release|x86.Build.0 = Release|Win32
		{FCD145FD-571C-4081-9A26-49B2C28F4EDF}.Debug|x64.ActiveCfg = Debug|x64
		{FCD145FD-571C-4081-9A26-49B2C28F4EDF}.Debug|x64.Build.0 = Debug|x64
		{FCD145FD-571C-4081-9A26-49B2C28F4EDF}.Debug|x86.ActiveCfg = Debug|Win32
		{FCD145FD-571C-4081-9A26-49B2C28F4EDF}.Debug|x86.Build.0 = Debug|Win32
		{FCD145FD-571C-4081-9A26-49B2C28F4EDF}.Release|x64.ActiveCfg = Release|x64
		{FCD145FD-571C-4081-9A26-49B2C28F4EDF}.Release|x64.Build.0 = Release|x64
		{FCD145FD-571C-4081-9A26-49B2C28F4EDF}.Release|x86.ActiveCfg = Release|Win32
		{FCD145FD-571C-4081-9A26-49B2C28F4EDF}.Release|x86.Build.0 = Release|Win32
		{DFCA822D-C0FB-4573-A7B6-B5B1BBDC8D8A}.Debug|x64.ActiveCfg = Debug|x64
		{DFCA822D-C0FB-4573-A7B6-B5B1BBDC8D8A}.Debug|x64.Build.0 = Debug|x64
		{DFCA822D-C0FB-4573-A7B6-B5B1BBDC8D8A}.Debug|x86.ActiveCfg = Debug|Win32
		{DFCA822D-C0FB-4573-A7B6-B5B1BBDC8D8A}.Debug|x86.Build.0 = Debug|Win32
		{DFCA822D-C0FB-4573-A7B6-B5B1BBDC8D8A}.Release|x64.ActiveCfg = Release|x64
		{DFCA822D-C0FB-4573-A7B6-B5B1BBDC8D8A}.Release|x64.Build.0 = Release|x64
		{DFCA822D-C0FB-4573-A7B6-B5B1BBDC8D8A}.Release|x86.ActiveCfg = Release|Win32
		{DFCA822D-C0FB-4573-A7B6-B5B1BBDC8D8A}.Release|x86.Build.0 = Release|Win32
		{73913023-17C5-4767-8BBE-620F8623E6B5}.Debug|x64.ActiveCfg = Debug|x64
		{73913023-17C5-4767-8BBE-620F8623E6B5}.Debug|x64.Build.0 = Debug|x64
		{73913023-17C5-4767-8BBE-620F8623E6B5}.Debug|x86.ActiveCfg = Debug|Win32
		{73913023-17C5-4767-8BBE-620F8623E6B5}.Debug|x86.Build.0 = Debug|Win32
		{73913023-17C5-4767-8BBE-620F8623E6B5}.Release|x64.ActiveCfg = Release|x64
		{73913023-17C5-4767-8BBE-620F8623E6B5}.Release|x64.Build.0 = Release|x64
		{73913023-17C5-4767-8BBE-620F8623E6B5}.Release|x86.ActiveCfg = Release|Win32
		{73913023-17C5-4767-8BBE-620F8623E6B5}.Release|x86.Build.0 = Release|Win32
		{A4C5CAB1-2E53-4FA7-B99F-014218B1414B}.Debug|x64.ActiveCfg = Debug|x64
		{A4C5CAB1-2E53-4FA7-B99F-014218B1414B}.Debug|x64.Build.0 = Debug|x64
		{A4C5CAB1-2E53-4FA7-B99F-014218B1414B}.Debug|x86.ActiveCfg = Debug|Win32
		{A4C5CAB1-2E53-4FA7-B99F-014218B1414B}.Debug|x86.Build.0 = Debug|Win32
		{A4C5CAB1-2E53-4FA7-B99F-014218B1414B}.Release|x64.ActiveCfg = Release|x64
		{A4C5CAB1-2E53-4FA7-B99F-014218B1414B}.Release|x64.Build.0 = Release|x64
		{A4C5CAB1-2E53-4FA7-B99F-014218B1414B}.Release|x86.ActiveCfg = Release|Win32
		{A4C5CAB1-2E53-4FA7-B99F-014218B1414B}.Release|x86.Build.0 = Release|Win32
		{824C049D-7290-492F-A685-F7DA2699FFAF}.Debug|x64.ActiveCfg = Debug|x64
		{824C049D-7290-492F-A685-F7DA2699FFAF}.Debug|x64.Build.0 = Debug|x64
		{824C049D-7290-492F-A685-F7DA2699FFAF}.Debug|x86.ActiveCfg = Debug|Win32
		{824C049D-7290-492F-A685-F7DA2699FFAF}.Debug|x86.Build.0 = Debug|Win32
		{824C049D-7290-492F-A685-F7DA2699FFAF}.Release|x64.ActiveCfg = Release|x64
		{824C049D-7290-492F-A685-F7DA2699FFAF}.Release|x64.Build.0 = Release|x64
		{824C049D-7290-492F-A685-F7DA2699FFAF}.Release|x86.ActiveCfg = Release|Win32
		{824C049D-7290-492F-A685-F7DA2699FFAF}.Release|x86.Build.0 = Release|Win32
		{4561E662-B9E4-40FE-B8F2-49C4A06087F0}.Debug|x64.ActiveCfg = Debug|x64
		{4561E662-B9E4-40FE-B8F2-49C4A06087F0}.Debug|x64.Build.0 = Debug|x64
		{4561E662-B9E4-40FE-B8F2-49C4A06087F0}.Debug|x86.ActiveCfg = Debug|Win32
		{4561E662-B9E4-40FE-B8F2-49C4A06087F0}.Debug|x86.Build.0 = Debug|Win32
		{4561E662-B9E4-40FE-B8F2-49C4A06087F0}.Release|x64.ActiveCfg = Release|x64
		{4561E662-B9E4-40FE-B8F2-49C4A06087F0}.Release|x64.Build.0 = Release|x64
		{4561E662-B9E4-40FE-B8F2-49C4A06087F0}.Release|x86.ActiveCfg = Release|Win32
		{4561E662-B9E4-40FE-B8F2-49C4A06087F0}.Release|x86.Build.0 = Release|Win32
		{8C90614B-4EE2-475F-8235-54D4E3F412C5}.Debug|x64.ActiveCfg = Debug|x64
		{8C90614B-4EE2-475F-8235-54D4E3F412C5}.Debug|x64.Build.0 = Debug|x64
		{8C90614B-4EE2-475F-8235-54D4E3F412C5}.Debug|x86.ActiveCfg = Debug|Win32
		{8C90614B-4EE2-475F-8235-54D4E3F412C5}.Debug|x86.Build.0 = Debug|Win32
		{8C90614B-4EE2-475F-8235-54D4E3F412C5}.Release|x64.ActiveCfg = Release|x64
		{8C90614B-4EE2-475F-8235-54D4E3F412C5}.Release|x64.Build.0 = Release|x64
		{8C90614B-4EE2-475F-8235-54D4E3F412C5}.Release|x86.ActiveCfg = Release|Win32
		{8C90614B-4EE2-475F-8235-54D4E3F412C5}.Release|x86.Build.0 = Release|Win32
		{CF9454FC-BCE8-42FD-ACC2-E69FBB2B8EE9}.Debug|x64.ActiveCfg = Debug|x64
		{CF9454FC-BCE8-42FD-ACC2-E69FBB2B8EE9}.Debug|x64.Build.0 = Debug|x64
		{CF9454FC-BCE8-42FD-ACC2-E69FBB2B8EE9}.Debug|x86.ActiveCfg = Debug|Win32
		{CF9454FC-BCE8-42FD-ACC2-E69FBB2B8EE9}.Debug|x86.Build.0 = Debug|Win32
		{CF9454FC-BCE8-42FD-ACC2-E69FBB2B8EE9}.Release|x64.ActiveCfg = Release|x64
		{CF9454FC-BCE8-42FD-ACC2-E69FBB2B8EE9}.Release|x64.Build.0 = Release|x64
		{CF9454FC-BCE8-42FD-ACC2-E69FBB2B8EE9}.Release|x86.ActiveCfg = Release|Win32
		{CF9454FC-BCE8-42FD-ACC2-E69FBB2B8EE9}.Release|x86.Build.0 = Release|Win32
		{FD152E3D-53B3-4B2D-A6D1-828AA148277F}.Debug|x64.ActiveCfg = Debug|x64
		{FD152E3D-53B3-4B2D-A6D1-828AA148277F}.Debug|x64.Build.0 = Debug|x64
		{FD152E3D-53B3-4B2D-A6D1-828AA148277F}.Debug|x86.ActiveCfg = Debug|Win32
		{FD152E3D-53B3-4B2D-A6D1-828AA148277F}.Debug|x86.Build.0 = Debug|Win32
		{FD152E3D-53B3-4B2D-A6D1-828AA148277F}.Release|x64.ActiveCfg = Release|x64
		{FD152E3D-53B3-4B2D-A6D1-828AA148277F}.Release|x64.Build.0 = Release|x64
		{FD152E3D-53B3-4B2D-A6D1-828AA148277F}.Release|x86.ActiveCfg = Release|Win32
		{FD152E3D-53B3-4B2D-A6D1-828AA148277F}.Release|x86.Build.0 = Release|Win32
		{1A6E27E2-34BF-41DC-947F-74C66AB160B7}.Debug|x64.ActiveCfg = Debug|x64
		{1A6E27E2-34BF-41DC-947F-74C66AB160B7}.Debug|x64.Build.0 = Debug|x64
		{1A6E27E2-34BF-41DC-947F-74C66AB160B7}.Debug|x86.ActiveCfg = Debug|Win32
		{1A6E27E2-34BF-41DC-947F-74C66AB160B7}.Debug|x86.Build.0 = Debug|Win32
		{1A6E27E2-34BF-41DC-947F-74C66AB160B7}.Release|x64.ActiveCfg = Release|x64
		{1A6E27E2-34BF-41DC-947F-74C66AB160B7}.Release|x64.Build.0 = Release|x64
		{1A6E27E2-34BF-41DC-947F-74C66AB160B7}.Release|x86.ActiveCfg = Release|Win32
		{1A6E27E2-34BF-41DC-947F-74C66AB160B7}.Release|x86.Build.0 = Release|Win32
	EndGlobalSection
	GlobalSection(SolutionProperties) = preSolution
		HideSolutionNode = FALSE
	EndGlobalSection
	GlobalSection(NestedProjects) = preSolution
		{E9B9BA50-EC9B-45E6-B768-BC39F4D8EE9F} = {6FA644FD-07C3-4216-994D-5B4A9379C717}
		{1754E498-4EE9-47AB-AFB1-A123B4D3FDC7} = {6FA644FD-07C3-4216-994D-5B4A9379C717}
		{FCD145FD-571C-4081-9A26-49B2C28F4EDF} = {6FA644FD-07C3-4216-994D-5B4A9379C717}
		{DFCA822D-C0FB-4573-A7B6-B5B1BBDC8D8A} = {6FA644FD-07C3-4216-994D-5B4A9379C717}
		{73913023-17C5-4767-8BBE-620F8623E6B5} = {98290630-78EE-4CA3-8D09-A9F8CE75D6F1}
		{A4C5CAB1-2E53-4FA7-B99F-014218B1414B} = {98290630-78EE-4CA3-8D09-A9F8CE75D6F1}
		{98290630-78EE-4CA3-8D09-A9F8CE75D6F1} = {6FA644FD-07C3-4216-994D-5B4A9379C717}
		{824C049D-7290-492F-A685-F7DA2699FFAF} = {06BD33FA-387E-4648-AB8C-0A6995E93E0D}
		{4561E662-B9E4-40FE-B8F2-49C4A06087F0} = {06BD33FA-387E-4648-AB8C-0A6995E93E0D}
		{8C90614B-4EE2-475F-8235-54D4E3F412C5} = {06BD33FA-387E-4648-AB8C-0A6995E93E0D}
		{CF9454FC-BCE8-42FD-ACC2-E69FBB2B8EE9} = {06BD33FA-387E-4648-AB8C-0A6995E93E0D}
		{FD152E3D-53B3-4B2D-A6D1-828AA148277F} = {06BD33FA-387E-4648-AB8C-0A6995E93E0D}
		{1A6E27E2-34BF-41DC-947F-74C66AB160B7} = {06BD33FA-387E-4648-AB8C-0A6995E93E0D}
	EndGlobalSection
	GlobalSection(ExtensibilityGlobals) = postSolution
		SolutionGuid = {08E12DD2-F527-4F90-A4E8-42B67E65AA63}
	EndGlobalSection
EndGlobal
