<?xml version="1.0" encoding="utf-8"?>
<Project ToolsVersion="4.0" xmlns="http://schemas.microsoft.com/developer/msbuild/2003">
  <ItemGroup>
    <Filter Include="Source Files">
      <UniqueIdentifier>{4FC737F1-C7A5-4376-A066-2A32D752A2FF}</UniqueIdentifier>
      <Extensions>cpp;c;cc;cxx;def;odl;idl;hpj;bat;asm;asmx</Extensions>
    </Filter>
    <Filter Include="Header Files">
      <UniqueIdentifier>{93995380-89BD-4b04-88EB-625FBE52EBFB}</UniqueIdentifier>
      <Extensions>h;hh;hpp;hxx;hm;inl;inc;ipp;xsd</Extensions>
    </Filter>
    <Filter Include="Resource Files">
      <UniqueIdentifier>{67DA6AB6-F800-4c08-8B7A-83BB121AAD01}</UniqueIdentifier>
      <Extensions>rc;ico;cur;bmp;dlg;rc2;rct;bin;rgs;gif;jpg;jpeg;jpe;resx;tiff;tif;png;wav;mfcribbon-ms</Extensions>
    </Filter>
    <Filter Include="Header Files\protocol">
      <UniqueIdentifier>{da9a34ed-62f5-4255-be88-8235c5628cb9}</UniqueIdentifier>
    </Filter>
    <Filter Include="Header Files\http">
      <UniqueIdentifier>{17edd7f1-7e9a-4850-8546-6f083907f7cc}</UniqueIdentifier>
    </Filter>
    <Filter Include="Header Files\transport">
      <UniqueIdentifier>{e0841d49-a2c4-4e75-ad27-11d9b69ae8d1}</UniqueIdentifier>
    </Filter>
    <Filter Include="Header Files\transport\tls">
      <UniqueIdentifier>{92641edf-c664-4fc9-ad82-e40f032f3e8c}</UniqueIdentifier>
    </Filter>
    <Filter Include="Header Files\platform">
      <UniqueIdentifier>{2f9e07c6-2780-4829-97cf-305e55cf006d}</UniqueIdentifier>
    </Filter>
    <Filter Include="Header Files\stream">
      <UniqueIdentifier>{be9b39f6-a683-44c1-8ec8-a1fc3dfe846b}</UniqueIdentifier>
    </Filter>
  </ItemGroup>
  <ItemGroup>
    <ClCompile Include="..\..\test\main.cpp">
      <Filter>Source Files</Filter>
    </ClCompile>
    <ClCompile Include="..\..\test\bus.cpp">
      <Filter>Source Files</Filter>
    </ClCompile>
    <ClCompile Include="..\..\test\device.cpp">
      <Filter>Source Files</Filter>
    </ClCompile>
    <ClCompile Include="..\..\test\reconnect.cpp">
      <Filter>Source Files</Filter>
    </ClCompile>
    <ClCompile Include="..\..\test\scalability.cpp">
      <Filter>Source Files</Filter>
    </ClCompile>
    <ClCompile Include="..\..\test\respondpoll.cpp">
      <Filter>Source Files</Filter>
    </ClCompile>
    <ClCompile Include="..\..\test\synch.cpp">
      <Filter>Source Files</Filter>
    </ClCompile>
    <ClCompile Include="..\..\test\tls.cpp">
      <Filter>Source Files</Filter>
    </ClCompile>
    <ClCompile Include="..\..\test\hello_world.cpp">
      <Filter>Source Files</Filter>
    </ClCompile>
    <ClCompile Include="..\..\test\http_client.cpp">
      <Filter>Source Files</Filter>
    </ClCompile>
    <ClCompile Include="..\..\test\pipe.cpp">
      <Filter>Source Files</Filter>
    </ClCompile>
    <ClCompile Include="..\..\test\message.cpp">
      <Filter>Source Files</Filter>
    </ClCompile>
    <ClCompile Include="..\..\test\tcpsupp.cpp">
      <Filter>Source Files</Filter>
    </ClCompile>
    <ClCompile Include="..\..\test\ipcsupp.cpp">
      <Filter>Source Files</Filter>
    </ClCompile>
  </ItemGroup>
  <ItemGroup>
    <ClInclude Include="..\..\include\nngpp\ctx.h">
      <Filter>Header Files</Filter>
    </ClInclude>
    <ClInclude Include="..\..\include\nngpp\dialer.h">
      <Filter>Header Files</Filter>
    </ClInclude>
    <ClInclude Include="..\..\include\nngpp\listener.h">
      <Filter>Header Files</Filter>
    </ClInclude>
    <ClInclude Include="..\..\include\nngpp\msg.h">
      <Filter>Header Files</Filter>
    </ClInclude>
    <ClInclude Include="..\..\include\nngpp\pipe.h">
      <Filter>Header Files</Filter>
    </ClInclude>
    <ClInclude Include="..\..\include\nngpp\socket.h">
      <Filter>Header Files</Filter>
    </ClInclude>
    <ClInclude Include="..\..\include\nngpp\aio.h">
      <Filter>Header Files</Filter>
    </ClInclude>
    <ClInclude Include="..\..\include\nngpp\core.h">
      <Filter>Header Files</Filter>
    </ClInclude>
    <ClInclude Include="..\..\include\nngpp\nngpp.h">
      <Filter>Header Files</Filter>
    </ClInclude>
    <ClInclude Include="..\..\include\nngpp\url.h">
      <Filter>Header Files</Filter>
    </ClInclude>
    <ClInclude Include="..\..\include\nngpp\http\http.h">
      <Filter>Header Files\http</Filter>
    </ClInclude>
    <ClInclude Include="..\..\include\nngpp\buffer.h">
      <Filter>Header Files</Filter>
    </ClInclude>
    <ClInclude Include="..\..\include\nngpp\transport\tcp.h">
      <Filter>Header Files\transport</Filter>
    </ClInclude>
    <ClInclude Include="..\..\include\nngpp\transport\inproc.h">
      <Filter>Header Files\transport</Filter>
    </ClInclude>
    <ClInclude Include="..\..\include\nngpp\transport\ipc.h">
      <Filter>Header Files\transport</Filter>
    </ClInclude>
    <ClInclude Include="..\..\include\nngpp\transport\ws.h">
      <Filter>Header Files\transport</Filter>
    </ClInclude>
    <ClInclude Include="..\..\include\nngpp\transport\wss.h">
      <Filter>Header Files\transport</Filter>
    </ClInclude>
    <ClInclude Include="..\..\include\nngpp\msg_header.h">
      <Filter>Header Files</Filter>
    </ClInclude>
    <ClInclude Include="..\..\include\nngpp\msg_body.h">
      <Filter>Header Files</Filter>
    </ClInclude>
    <ClInclude Include="..\..\include\nngpp\transport\tls\config.h">
      <Filter>Header Files\transport\tls</Filter>
    </ClInclude>
    <ClInclude Include="..\..\include\nngpp\option.h">
      <Filter>Header Files</Filter>
    </ClInclude>
    <ClInclude Include="..\..\include\nngpp\transport\zerotier.h">
      <Filter>Header Files\transport</Filter>
    </ClInclude>
    <ClInclude Include="..\..\include\nngpp\error.h">
      <Filter>Header Files</Filter>
    </ClInclude>
    <ClInclude Include="..\..\include\nngpp\protocol\bus0.h">
      <Filter>Header Files\protocol</Filter>
    </ClInclude>
    <ClInclude Include="..\..\include\nngpp\protocol\pair0.h">
      <Filter>Header Files\protocol</Filter>
    </ClInclude>
    <ClInclude Include="..\..\include\nngpp\protocol\pair1.h">
      <Filter>Header Files\protocol</Filter>
    </ClInclude>
    <ClInclude Include="..\..\include\nngpp\protocol\rep0.h">
      <Filter>Header Files\protocol</Filter>
    </ClInclude>
    <ClInclude Include="..\..\include\nngpp\protocol\req0.h">
      <Filter>Header Files\protocol</Filter>
    </ClInclude>
    <ClInclude Include="..\..\include\nngpp\protocol\respond0.h">
      <Filter>Header Files\protocol</Filter>
    </ClInclude>
    <ClInclude Include="..\..\include\nngpp\protocol\survey0.h">
      <Filter>Header Files\protocol</Filter>
    </ClInclude>
    <ClInclude Include="..\..\include\nngpp\protocol\pub0.h">
      <Filter>Header Files\protocol</Filter>
    </ClInclude>
    <ClInclude Include="..\..\include\nngpp\protocol\sub0.h">
      <Filter>Header Files\protocol</Filter>
    </ClInclude>
    <ClInclude Include="..\..\include\nngpp\protocol\push0.h">
      <Filter>Header Files\protocol</Filter>
    </ClInclude>
    <ClInclude Include="..\..\include\nngpp\protocol\pull0.h">
      <Filter>Header Files\protocol</Filter>
    </ClInclude>
    <ClInclude Include="..\..\include\nngpp\transport\tls.h">
      <Filter>Header Files\transport</Filter>
    </ClInclude>
    <ClInclude Include="..\..\include\nngpp\aio_view.h">
      <Filter>Header Files</Filter>
    </ClInclude>
    <ClInclude Include="..\..\include\nngpp\view.h">
      <Filter>Header Files</Filter>
    </ClInclude>
    <ClInclude Include="..\..\include\nngpp\ctx_view.h">
      <Filter>Header Files</Filter>
    </ClInclude>
    <ClInclude Include="..\..\include\nngpp\socket_view.h">
      <Filter>Header Files</Filter>
    </ClInclude>
    <ClInclude Include="..\..\include\nngpp\msg_view.h">
      <Filter>Header Files</Filter>
    </ClInclude>
    <ClInclude Include="..\..\include\nngpp\pipe_view.h">
      <Filter>Header Files</Filter>
    </ClInclude>
    <ClInclude Include="..\..\include\nngpp\dialer_view.h">
      <Filter>Header Files</Filter>
    </ClInclude>
    <ClInclude Include="..\..\include\nngpp\listener_view.h">
      <Filter>Header Files</Filter>
    </ClInclude>
    <ClInclude Include="..\..\include\nngpp\url_view.h">
      <Filter>Header Files</Filter>
    </ClInclude>
    <ClInclude Include="..\..\include\nngpp\stat_view.h">
      <Filter>Header Files</Filter>
    </ClInclude>
    <ClInclude Include="..\..\include\nngpp\transport\tls\config_view.h">
      <Filter>Header Files\transport\tls</Filter>
    </ClInclude>
    <ClInclude Include="..\..\include\nngpp\http\client_view.h">
      <Filter>Header Files\http</Filter>
    </ClInclude>
    <ClInclude Include="..\..\include\nngpp\http\client.h">
      <Filter>Header Files\http</Filter>
    </ClInclude>
    <ClInclude Include="..\..\include\nngpp\http\conn.h">
      <Filter>Header Files\http</Filter>
    </ClInclude>
    <ClInclude Include="..\..\include\nngpp\http\handler.h">
      <Filter>Header Files\http</Filter>
    </ClInclude>
    <ClInclude Include="..\..\include\nngpp\http\misc.h">
      <Filter>Header Files\http</Filter>
    </ClInclude>
    <ClInclude Include="..\..\include\nngpp\http\req.h">
      <Filter>Header Files\http</Filter>
    </ClInclude>
    <ClInclude Include="..\..\include\nngpp\http\res.h">
      <Filter>Header Files\http</Filter>
    </ClInclude>
    <ClInclude Include="..\..\include\nngpp\http\server.h">
      <Filter>Header Files\http</Filter>
    </ClInclude>
    <ClInclude Include="..\..\include\nngpp\http\conn_view.h">
      <Filter>Header Files\http</Filter>
    </ClInclude>
    <ClInclude Include="..\..\include\nngpp\http\req_view.h">
      <Filter>Header Files\http</Filter>
    </ClInclude>
    <ClInclude Include="..\..\include\nngpp\http\res_view.h">
      <Filter>Header Files\http</Filter>
    </ClInclude>
    <ClInclude Include="..\..\include\nngpp\http\handler_view.h">
      <Filter>Header Files\http</Filter>
    </ClInclude>
    <ClInclude Include="..\..\include\nngpp\http\server_view.h">
      <Filter>Header Files\http</Filter>
    </ClInclude>
    <ClInclude Include="..\..\include\nngpp\platform\mtx.h">
      <Filter>Header Files\platform</Filter>
    </ClInclude>
    <ClInclude Include="..\..\include\nngpp\platform\mtx_view.h">
      <Filter>Header Files\platform</Filter>
    </ClInclude>
    <ClInclude Include="..\..\include\nngpp\platform\platform.h">
      <Filter>Header Files\platform</Filter>
    </ClInclude>
    <ClInclude Include="..\..\include\nngpp\platform\thread.h">
      <Filter>Header Files\platform</Filter>
    </ClInclude>
    <ClInclude Include="..\..\include\nngpp\platform\thread_view.h">
      <Filter>Header Files\platform</Filter>
    </ClInclude>
    <ClInclude Include="..\..\include\nngpp\platform\cv.h">
      <Filter>Header Files\platform</Filter>
    </ClInclude>
    <ClInclude Include="..\..\include\nngpp\platform\cv_view.h">
      <Filter>Header Files\platform</Filter>
    </ClInclude>
    <ClInclude Include="..\..\include\nngpp\stat.h">
      <Filter>Header Files</Filter>
    </ClInclude>
    <ClInclude Include="..\..\include\nngpp\stream\dialer.h">
      <Filter>Header Files\stream</Filter>
    </ClInclude>
    <ClInclude Include="..\..\include\nngpp\stream\dialer_view.h">
      <Filter>Header Files\stream</Filter>
    </ClInclude>
    <ClInclude Include="..\..\include\nngpp\stream\listener.h">
      <Filter>Header Files\stream</Filter>
    </ClInclude>
    <ClInclude Include="..\..\include\nngpp\stream\listener_view.h">
      <Filter>Header Files\stream</Filter>
    </ClInclude>
    <ClInclude Include="..\..\include\nngpp\stream\stream.h">
      <Filter>Header Files\stream</Filter>
    </ClInclude>
    <ClInclude Include="..\..\include\nngpp\stream\stream_view.h">
      <Filter>Header Files\stream</Filter>
    </ClInclude>
  </ItemGroup>
</Project>